
Microsoft Visual Studio Solution File, Format Version 12.00
# Visual Studio Version 17
VisualStudioVersion = 17.1.32319.34
MinimumVisualStudioVersion = 10.0.40219.1
Project("{FAE04EC0-301F-11D3-BF4B-00C04F79EFBC}") = "BlazorChatSignalR.Server", "BlazorChatSignalR\Server\BlazorChatSignalR.Server.csproj", "{FE6EC592-2C65-4B15-A707-07C0BBDEE868}"
EndProject
Project("{FAE04EC0-301F-11D3-BF4B-00C04F79EFBC}") = "BlazorChatSignalR.Client", "BlazorChatSignalR\Client\BlazorChatSignalR.Client.csproj", "{67CFDF41-4E67-488B-BABA-F1AE1ADFD557}"
EndProject
Project("{FAE04EC0-301F-11D3-BF4B-00C04F79EFBC}") = "BlazorChatSignalR.Shared", "BlazorChatSignalR\Shared\BlazorChatSignalR.Shared.csproj", "{AD4DA87F-D3FA-4D71-9E91-2B42756BEB3B}"
EndProject
Global
	GlobalSection(SolutionConfigurationPlatforms) = preSolution
		Debug|Any CPU = Debug|Any CPU
		Release|Any CPU = Release|Any CPU
	EndGlobalSection
	GlobalSection(ProjectConfigurationPlatforms) = postSolution
		{FE6EC592-2C65-4B15-A707-07C0BBDEE868}.Debug|Any CPU.ActiveCfg = Debug|Any CPU
		{FE6EC592-2C65-4B15-A707-07C0BBDEE868}.Debug|Any CPU.Build.0 = Debug|Any CPU
		{FE6EC592-2C65-4B15-A707-07C0BBDEE868}.Release|Any CPU.ActiveCfg = Release|Any CPU
		{FE6EC592-2C65-4B15-A707-07C0BBDEE868}.Release|Any CPU.Build.0 = Release|Any CPU
		{67CFDF41-4E67-488B-BABA-F1AE1ADFD557}.Debug|Any CPU.ActiveCfg = Debug|Any CPU
		{67CFDF41-4E67-488B-BABA-F1AE1ADFD557}.Debug|Any CPU.Build.0 = Debug|Any CPU
		{67CFDF41-4E67-488B-BABA-F1AE1ADFD557}.Release|Any CPU.ActiveCfg = Release|Any CPU
		{67CFDF41-4E67-488B-BABA-F1AE1ADFD557}.Release|Any CPU.Build.0 = Release|Any CPU
		{AD4DA87F-D3FA-4D71-9E91-2B42756BEB3B}.Debug|Any CPU.ActiveCfg = Debug|Any CPU
		{AD4DA87F-D3FA-4D71-9E91-2B42756BEB3B}.Debug|Any CPU.Build.0 = Debug|Any CPU
		{AD4DA87F-D3FA-4D71-9E91-2B42756BEB3B}.Release|Any CPU.ActiveCfg = Release|Any CPU
		{AD4DA87F-D3FA-4D71-9E91-2B42756BEB3B}.Release|Any CPU.Build.0 = Release|Any CPU
	EndGlobalSection
	GlobalSection(SolutionProperties) = preSolution
		HideSolutionNode = FALSE
	EndGlobalSection
	GlobalSection(ExtensibilityGlobals) = postSolution
		SolutionGuid = {BA812597-9975-4FB0-8C2B-1A1AF7B2897C}
	EndGlobalSection
EndGlobal
